
Microsoft Visual Studio Solution File, Format Version 12.00
# Visual Studio Version 17
VisualStudioVersion = 17.4.33205.214
MinimumVisualStudioVersion = 10.0.40219.1
Project("{FAE04EC0-301F-11D3-BF4B-00C04F79EFBC}") = "DemoExcelProcessing", "DemoExcelProcessing.csproj", "{949E9861-0302-49EB-BEDB-AA2C414B11D9}"
EndProject
Global
	GlobalSection(SolutionConfigurationPlatforms) = preSolution
		Debug|Any CPU = Debug|Any CPU
		Release|Any CPU = Release|Any CPU
	EndGlobalSection
	GlobalSection(ProjectConfigurationPlatforms) = postSolution
		{949E9861-0302-49EB-BEDB-AA2C414B11D9}.Debug|Any CPU.ActiveCfg = Debug|Any CPU
		{949E9861-0302-49EB-BEDB-AA2C414B11D9}.Debug|Any CPU.Build.0 = Debug|Any CPU
		{949E9861-0302-49EB-BEDB-AA2C414B11D9}.Release|Any CPU.ActiveCfg = Release|Any CPU
		{949E9861-0302-49EB-BEDB-AA2C414B11D9}.Release|Any CPU.Build.0 = Release|Any CPU
	EndGlobalSection
	GlobalSection(SolutionProperties) = preSolution
		HideSolutionNode = FALSE
	EndGlobalSection
	GlobalSection(ExtensibilityGlobals) = postSolution
		SolutionGuid = {C9101078-D5B5-40FB-B1C6-7AB2FEAAFA4A}
	EndGlobalSection
EndGlobal
